
Microsoft Visual Studio Solution File, Format Version 12.00
# Visual Studio 15
VisualStudioVersion = 15.0.27703.2000
MinimumVisualStudioVersion = 10.0.40219.1
Project("{9A19103F-16F7-4668-BE54-9A1E7A4F7556}") = "AspNetCoreOnNetFullCS", "AspNetCoreOnNetFullCS\AspNetCoreOnNetFullCS.csproj", "{2AD943F9-8CEA-402A-AE92-16E007AC2166}"
EndProject
Global
	GlobalSection(SolutionConfigurationPlatforms) = preSolution
		Debug|Any CPU = Debug|Any CPU
		Release|Any CPU = Release|Any CPU
	EndGlobalSection
	GlobalSection(ProjectConfigurationPlatforms) = postSolution
		{2AD943F9-8CEA-402A-AE92-16E007AC2166}.Debug|Any CPU.ActiveCfg = Debug|Any CPU
		{2AD943F9-8CEA-402A-AE92-16E007AC2166}.Debug|Any CPU.Build.0 = Debug|Any CPU
		{2AD943F9-8CEA-402A-AE92-16E007AC2166}.Release|Any CPU.ActiveCfg = Release|Any CPU
		{2AD943F9-8CEA-402A-AE92-16E007AC2166}.Release|Any CPU.Build.0 = Release|Any CPU
	EndGlobalSection
	GlobalSection(SolutionProperties) = preSolution
		HideSolutionNode = FALSE
	EndGlobalSection
	GlobalSection(ExtensibilityGlobals) = postSolution
		SolutionGuid = {D7BCA4B6-9637-494B-B778-707EB19E36B7}
	EndGlobalSection
EndGlobal
