
Microsoft Visual Studio Solution File, Format Version 12.00
# Visual Studio 14
VisualStudioVersion = 14.0.24720.0
MinimumVisualStudioVersion = 10.0.40219.1
Project("{FAE04EC0-301F-11D3-BF4B-00C04F79EFBC}") = "Mvc.CS", "Mvc.CS\Mvc.CS.csproj", "{FDE17698-EFB0-4A51-BA3C-0911F50EB23F}"
EndProject
Global
	GlobalSection(SolutionConfigurationPlatforms) = preSolution
		Debug|Any CPU = Debug|Any CPU
		Release|Any CPU = Release|Any CPU
	EndGlobalSection
	GlobalSection(ProjectConfigurationPlatforms) = postSolution
		{FDE17698-EFB0-4A51-BA3C-0911F50EB23F}.Debug|Any CPU.ActiveCfg = Debug|Any CPU
		{FDE17698-EFB0-4A51-BA3C-0911F50EB23F}.Debug|Any CPU.Build.0 = Debug|Any CPU
		{FDE17698-EFB0-4A51-BA3C-0911F50EB23F}.Release|Any CPU.ActiveCfg = Release|Any CPU
		{FDE17698-EFB0-4A51-BA3C-0911F50EB23F}.Release|Any CPU.Build.0 = Release|Any CPU
	EndGlobalSection
	GlobalSection(SolutionProperties) = preSolution
		HideSolutionNode = FALSE
	EndGlobalSection
EndGlobal
